
Microsoft Visual Studio Solution File, Format Version 12.00
# Visual Studio Version 17
VisualStudioVersion = 17.2.32616.157
MinimumVisualStudioVersion = 10.0.40219.1
Project("{9A19103F-16F7-4668-BE54-9A1E7A4F7556}") = "la-mia-pizzeria", "la-mia-pizzeria.csproj", "{3EB254F4-A79F-489E-80D9-11DB4BEED0E7}"
EndProject
Global
	GlobalSection(SolutionConfigurationPlatforms) = preSolution
		Debug|Any CPU = Debug|Any CPU
		Release|Any CPU = Release|Any CPU
	EndGlobalSection
	GlobalSection(ProjectConfigurationPlatforms) = postSolution
		{3EB254F4-A79F-489E-80D9-11DB4BEED0E7}.Debug|Any CPU.ActiveCfg = Debug|Any CPU
		{3EB254F4-A79F-489E-80D9-11DB4BEED0E7}.Debug|Any CPU.Build.0 = Debug|Any CPU
		{3EB254F4-A79F-489E-80D9-11DB4BEED0E7}.Release|Any CPU.ActiveCfg = Release|Any CPU
		{3EB254F4-A79F-489E-80D9-11DB4BEED0E7}.Release|Any CPU.Build.0 = Release|Any CPU
	EndGlobalSection
	GlobalSection(SolutionProperties) = preSolution
		HideSolutionNode = FALSE
	EndGlobalSection
	GlobalSection(ExtensibilityGlobals) = postSolution
		SolutionGuid = {37D8FA53-6051-4DEB-AC3A-2117E09BEEE7}
	EndGlobalSection
EndGlobal
